
Microsoft Visual Studio Solution File, Format Version 12.00
# Visual Studio 15
VisualStudioVersion = 15.0.28307.572
MinimumVisualStudioVersion = 10.0.40219.1
Project("{9A19103F-16F7-4668-BE54-9A1E7A4F7556}") = "CoreSolutions.Common", "CoreSolutions.Common\CoreSolutions.Common.csproj", "{31B7135A-FE74-4BB7-AC75-0D1027677B5F}"
EndProject
Project("{FAE04EC0-301F-11D3-BF4B-00C04F79EFBC}") = "CoreSolutions.Common.Web", "CoreSolutions.Common.Web\CoreSolutions.Common.Web.csproj", "{65E3FC7B-1283-42C9-A2AC-7F5E3E6F92A6}"
EndProject
Project("{FAE04EC0-301F-11D3-BF4B-00C04F79EFBC}") = "CoreSolutions.Utils", "CoreSolutions.Utils\CoreSolutions.Utils.csproj", "{F9739B02-A4EE-427D-BA1A-A6AD78B8DDEA}"
EndProject
Global
	GlobalSection(SolutionConfigurationPlatforms) = preSolution
		Debug|Any CPU = Debug|Any CPU
		Release|Any CPU = Release|Any CPU
	EndGlobalSection
	GlobalSection(ProjectConfigurationPlatforms) = postSolution
		{31B7135A-FE74-4BB7-AC75-0D1027677B5F}.Debug|Any CPU.ActiveCfg = Debug|Any CPU
		{31B7135A-FE74-4BB7-AC75-0D1027677B5F}.Debug|Any CPU.Build.0 = Debug|Any CPU
		{31B7135A-FE74-4BB7-AC75-0D1027677B5F}.Release|Any CPU.ActiveCfg = Release|Any CPU
		{31B7135A-FE74-4BB7-AC75-0D1027677B5F}.Release|Any CPU.Build.0 = Release|Any CPU
		{65E3FC7B-1283-42C9-A2AC-7F5E3E6F92A6}.Debug|Any CPU.ActiveCfg = Debug|Any CPU
		{65E3FC7B-1283-42C9-A2AC-7F5E3E6F92A6}.Debug|Any CPU.Build.0 = Debug|Any CPU
		{65E3FC7B-1283-42C9-A2AC-7F5E3E6F92A6}.Release|Any CPU.ActiveCfg = Release|Any CPU
		{65E3FC7B-1283-42C9-A2AC-7F5E3E6F92A6}.Release|Any CPU.Build.0 = Release|Any CPU
		{F9739B02-A4EE-427D-BA1A-A6AD78B8DDEA}.Debug|Any CPU.ActiveCfg = Debug|Any CPU
		{F9739B02-A4EE-427D-BA1A-A6AD78B8DDEA}.Debug|Any CPU.Build.0 = Debug|Any CPU
		{F9739B02-A4EE-427D-BA1A-A6AD78B8DDEA}.Release|Any CPU.ActiveCfg = Release|Any CPU
		{F9739B02-A4EE-427D-BA1A-A6AD78B8DDEA}.Release|Any CPU.Build.0 = Release|Any CPU
	EndGlobalSection
	GlobalSection(SolutionProperties) = preSolution
		HideSolutionNode = FALSE
	EndGlobalSection
	GlobalSection(ExtensibilityGlobals) = postSolution
		SolutionGuid = {4F1AF2AF-7089-48D7-8E0D-1419C046749C}
	EndGlobalSection
EndGlobal
